// !$*UTF8*$!
{
	archiveVersion = 1;
	classes = {
	};
	objectVersion = 56;
	objects = {

/* Begin PBXBuildFile section */
		712D8F6F2999D3AD0032260F /* Model.swift in Sources */ = {isa = PBXBuildFile; fileRef = 712D8F6E2999D3AD0032260F /* Model.swift */; };
		712D8FBC29A22C9A0032260F /* FocusEntity in Frameworks */ = {isa = PBXBuildFile; productRef = 712D8FBB29A22C9A0032260F /* FocusEntity */; };
		71600F04298DFD0D00CC83C6 /* AppDelegate.swift in Sources */ = {isa = PBXBuildFile; fileRef = 71600F03298DFD0D00CC83C6 /* AppDelegate.swift */; };
		71600F06298DFD0D00CC83C6 /* ContentView.swift in Sources */ = {isa = PBXBuildFile; fileRef = 71600F05298DFD0D00CC83C6 /* ContentView.swift */; };
		71600F0A298DFD0F00CC83C6 /* Assets.xcassets in Resources */ = {isa = PBXBuildFile; fileRef = 71600F09298DFD0F00CC83C6 /* Assets.xcassets */; };
		71600F0D298DFD0F00CC83C6 /* Preview Assets.xcassets in Resources */ = {isa = PBXBuildFile; fileRef = 71600F0C298DFD0F00CC83C6 /* Preview Assets.xcassets */; };
		71600F17298DFD0F00CC83C6 /* ModelPickerAppTests.swift in Sources */ = {isa = PBXBuildFile; fileRef = 71600F16298DFD0F00CC83C6 /* ModelPickerAppTests.swift */; };
		71600F21298DFD0F00CC83C6 /* ModelPickerAppUITests.swift in Sources */ = {isa = PBXBuildFile; fileRef = 71600F20298DFD0F00CC83C6 /* ModelPickerAppUITests.swift */; };
		71600F23298DFD0F00CC83C6 /* ModelPickerAppUITestsLaunchTests.swift in Sources */ = {isa = PBXBuildFile; fileRef = 71600F22298DFD0F00CC83C6 /* ModelPickerAppUITestsLaunchTests.swift */; };
		71600F34298E070600CC83C6 /* robot_walk_idle.usdz in Resources */ = {isa = PBXBuildFile; fileRef = 71600F30298E070500CC83C6 /* robot_walk_idle.usdz */; };
		71600F35298E070600CC83C6 /* fender_stratocaster.usdz in Resources */ = {isa = PBXBuildFile; fileRef = 71600F31298E070600CC83C6 /* fender_stratocaster.usdz */; };
		71600F36298E070600CC83C6 /* teapot.usdz in Resources */ = {isa = PBXBuildFile; fileRef = 71600F32298E070600CC83C6 /* teapot.usdz */; };
		71600F37298E070600CC83C6 /* toy_biplane_idle.usdz in Resources */ = {isa = PBXBuildFile; fileRef = 71600F33298E070600CC83C6 /* toy_biplane_idle.usdz */; };
/* End PBXBuildFile section */

/* Begin PBXContainerItemProxy section */
		71600F13298DFD0F00CC83C6 /* PBXContainerItemProxy */ = {
			isa = PBXContainerItemProxy;
			containerPortal = 71600EF8298DFD0D00CC83C6 /* Project object */;
			proxyType = 1;
			remoteGlobalIDString = 71600EFF298DFD0D00CC83C6;
			remoteInfo = ModelPickerApp;
		};
		71600F1D298DFD0F00CC83C6 /* PBXContainerItemProxy */ = {
			isa = PBXContainerItemProxy;
			containerPortal = 71600EF8298DFD0D00CC83C6 /* Project object */;
			proxyType = 1;
			remoteGlobalIDString = 71600EFF298DFD0D00CC83C6;
			remoteInfo = ModelPickerApp;
		};
/* End PBXContainerItemProxy section */

/* Begin PBXFileReference section */
		712D8F6E2999D3AD0032260F /* Model.swift */ = {isa = PBXFileReference; lastKnownFileType = sourcecode.swift; path = Model.swift; sourceTree = "<group>"; };
		71600F00298DFD0D00CC83C6 /* ModelPickerApp.app */ = {isa = PBXFileReference; explicitFileType = wrapper.application; includeInIndex = 0; path = ModelPickerApp.app; sourceTree = BUILT_PRODUCTS_DIR; };
		71600F03298DFD0D00CC83C6 /* AppDelegate.swift */ = {isa = PBXFileReference; lastKnownFileType = sourcecode.swift; path = AppDelegate.swift; sourceTree = "<group>"; };
		71600F05298DFD0D00CC83C6 /* ContentView.swift */ = {isa = PBXFileReference; lastKnownFileType = sourcecode.swift; path = ContentView.swift; sourceTree = "<group>"; };
		71600F09298DFD0F00CC83C6 /* Assets.xcassets */ = {isa = PBXFileReference; lastKnownFileType = folder.assetcatalog; path = Assets.xcassets; sourceTree = "<group>"; };
		71600F0C298DFD0F00CC83C6 /* Preview Assets.xcassets */ = {isa = PBXFileReference; lastKnownFileType = folder.assetcatalog; path = "Preview Assets.xcassets"; sourceTree = "<group>"; };
		71600F12298DFD0F00CC83C6 /* ModelPickerAppTests.xctest */ = {isa = PBXFileReference; explicitFileType = wrapper.cfbundle; includeInIndex = 0; path = ModelPickerAppTests.xctest; sourceTree = BUILT_PRODUCTS_DIR; };
		71600F16298DFD0F00CC83C6 /* ModelPickerAppTests.swift */ = {isa = PBXFileReference; lastKnownFileType = sourcecode.swift; path = ModelPickerAppTests.swift; sourceTree = "<group>"; };
		71600F1C298DFD0F00CC83C6 /* ModelPickerAppUITests.xctest */ = {isa = PBXFileReference; explicitFileType = wrapper.cfbundle; includeInIndex = 0; path = ModelPickerAppUITests.xctest; sourceTree = BUILT_PRODUCTS_DIR; };
		71600F20298DFD0F00CC83C6 /* ModelPickerAppUITests.swift */ = {isa = PBXFileReference; lastKnownFileType = sourcecode.swift; path = ModelPickerAppUITests.swift; sourceTree = "<group>"; };
		71600F22298DFD0F00CC83C6 /* ModelPickerAppUITestsLaunchTests.swift */ = {isa = PBXFileReference; lastKnownFileType = sourcecode.swift; path = ModelPickerAppUITestsLaunchTests.swift; sourceTree = "<group>"; };
		71600F30298E070500CC83C6 /* robot_walk_idle.usdz */ = {isa = PBXFileReference; lastKnownFileType = file.usdz; path = robot_walk_idle.usdz; sourceTree = "<group>"; };
		71600F31298E070600CC83C6 /* fender_stratocaster.usdz */ = {isa = PBXFileReference; lastKnownFileType = file.usdz; path = fender_stratocaster.usdz; sourceTree = "<group>"; };
		71600F32298E070600CC83C6 /* teapot.usdz */ = {isa = PBXFileReference; lastKnownFileType = file.usdz; path = teapot.usdz; sourceTree = "<group>"; };
		71600F33298E070600CC83C6 /* toy_biplane_idle.usdz */ = {isa = PBXFileReference; lastKnownFileType = file.usdz; path = toy_biplane_idle.usdz; sourceTree = "<group>"; };
/* End PBXFileReference section */

/* Begin PBXFrameworksBuildPhase section */
		71600EFD298DFD0D00CC83C6 /* Frameworks */ = {
			isa = PBXFrameworksBuildPhase;
			buildActionMask = 2147483647;
			files = (
				712D8FBC29A22C9A0032260F /* FocusEntity in Frameworks */,
			);
			runOnlyForDeploymentPostprocessing = 0;
		};
		71600F0F298DFD0F00CC83C6 /* Frameworks */ = {
			isa = PBXFrameworksBuildPhase;
			buildActionMask = 2147483647;
			files = (
			);
			runOnlyForDeploymentPostprocessing = 0;
		};
		71600F19298DFD0F00CC83C6 /* Frameworks */ = {
			isa = PBXFrameworksBuildPhase;
			buildActionMask = 2147483647;
			files = (
			);
			runOnlyForDeploymentPostprocessing = 0;
		};
/* End PBXFrameworksBuildPhase section */

/* Begin PBXGroup section */
		71600EF7298DFD0D00CC83C6 = {
			isa = PBXGroup;
			children = (
				71600F02298DFD0D00CC83C6 /* ModelPickerApp */,
				71600F15298DFD0F00CC83C6 /* ModelPickerAppTests */,
				71600F1F298DFD0F00CC83C6 /* ModelPickerAppUITests */,
				71600F01298DFD0D00CC83C6 /* Products */,
			);
			sourceTree = "<group>";
		};
		71600F01298DFD0D00CC83C6 /* Products */ = {
			isa = PBXGroup;
			children = (
				71600F00298DFD0D00CC83C6 /* ModelPickerApp.app */,
				71600F12298DFD0F00CC83C6 /* ModelPickerAppTests.xctest */,
				71600F1C298DFD0F00CC83C6 /* ModelPickerAppUITests.xctest */,
			);
			name = Products;
			sourceTree = "<group>";
		};
		71600F02298DFD0D00CC83C6 /* ModelPickerApp */ = {
			isa = PBXGroup;
			children = (
				71600F03298DFD0D00CC83C6 /* AppDelegate.swift */,
				712D8F6E2999D3AD0032260F /* Model.swift */,
				71600F05298DFD0D00CC83C6 /* ContentView.swift */,
				71600F2F298E065700CC83C6 /* Models */,
				71600F09298DFD0F00CC83C6 /* Assets.xcassets */,
				71600F0B298DFD0F00CC83C6 /* Preview Content */,
			);
			path = ModelPickerApp;
			sourceTree = "<group>";
		};
		71600F0B298DFD0F00CC83C6 /* Preview Content */ = {
			isa = PBXGroup;
			children = (
				71600F0C298DFD0F00CC83C6 /* Preview Assets.xcassets */,
			);
			path = "Preview Content";
			sourceTree = "<group>";
		};
		71600F15298DFD0F00CC83C6 /* ModelPickerAppTests */ = {
			isa = PBXGroup;
			children = (
				71600F16298DFD0F00CC83C6 /* ModelPickerAppTests.swift */,
			);
			path = ModelPickerAppTests;
			sourceTree = "<group>";
		};
		71600F1F298DFD0F00CC83C6 /* ModelPickerAppUITests */ = {
			isa = PBXGroup;
			children = (
				71600F20298DFD0F00CC83C6 /* ModelPickerAppUITests.swift */,
				71600F22298DFD0F00CC83C6 /* ModelPickerAppUITestsLaunchTests.swift */,
			);
			path = ModelPickerAppUITests;
			sourceTree = "<group>";
		};
		71600F2F298E065700CC83C6 /* Models */ = {
			isa = PBXGroup;
			children = (
				71600F31298E070600CC83C6 /* fender_stratocaster.usdz */,
				71600F30298E070500CC83C6 /* robot_walk_idle.usdz */,
				71600F32298E070600CC83C6 /* teapot.usdz */,
				71600F33298E070600CC83C6 /* toy_biplane_idle.usdz */,
			);
			path = Models;
			sourceTree = "<group>";
		};
/* End PBXGroup section */

/* Begin PBXNativeTarget section */
		71600EFF298DFD0D00CC83C6 /* ModelPickerApp */ = {
			isa = PBXNativeTarget;
			buildConfigurationList = 71600F26298DFD0F00CC83C6 /* Build configuration list for PBXNativeTarget "ModelPickerApp" */;
			buildPhases = (
				71600EFC298DFD0D00CC83C6 /* Sources */,
				71600EFD298DFD0D00CC83C6 /* Frameworks */,
				71600EFE298DFD0D00CC83C6 /* Resources */,
			);
			buildRules = (
			);
			dependencies = (
			);
			name = ModelPickerApp;
			packageProductDependencies = (
				712D8FBB29A22C9A0032260F /* FocusEntity */,
			);
			productName = ModelPickerApp;
			productReference = 71600F00298DFD0D00CC83C6 /* ModelPickerApp.app */;
			productType = "com.apple.product-type.application";
		};
		71600F11298DFD0F00CC83C6 /* ModelPickerAppTests */ = {
			isa = PBXNativeTarget;
			buildConfigurationList = 71600F29298DFD0F00CC83C6 /* Build configuration list for PBXNativeTarget "ModelPickerAppTests" */;
			buildPhases = (
				71600F0E298DFD0F00CC83C6 /* Sources */,
				71600F0F298DFD0F00CC83C6 /* Frameworks */,
				71600F10298DFD0F00CC83C6 /* Resources */,
			);
			buildRules = (
			);
			dependencies = (
				71600F14298DFD0F00CC83C6 /* PBXTargetDependency */,
			);
			name = ModelPickerAppTests;
			productName = ModelPickerAppTests;
			productReference = 71600F12298DFD0F00CC83C6 /* ModelPickerAppTests.xctest */;
			productType = "com.apple.product-type.bundle.unit-test";
		};
		71600F1B298DFD0F00CC83C6 /* ModelPickerAppUITests */ = {
			isa = PBXNativeTarget;
			buildConfigurationList = 71600F2C298DFD0F00CC83C6 /* Build configuration list for PBXNativeTarget "ModelPickerAppUITests" */;
			buildPhases = (
				71600F18298DFD0F00CC83C6 /* Sources */,
				71600F19298DFD0F00CC83C6 /* Frameworks */,
				71600F1A298DFD0F00CC83C6 /* Resources */,
			);
			buildRules = (
			);
			dependencies = (
				71600F1E298DFD0F00CC83C6 /* PBXTargetDependency */,
			);
			name = ModelPickerAppUITests;
			productName = ModelPickerAppUITests;
			productReference = 71600F1C298DFD0F00CC83C6 /* ModelPickerAppUITests.xctest */;
			productType = "com.apple.product-type.bundle.ui-testing";
		};
/* End PBXNativeTarget section */

/* Begin PBXProject section */
		71600EF8298DFD0D00CC83C6 /* Project object */ = {
			isa = PBXProject;
			attributes = {
				BuildIndependentTargetsInParallel = 1;
				LastSwiftUpdateCheck = 1420;
				LastUpgradeCheck = 1420;
				TargetAttributes = {
					71600EFF298DFD0D00CC83C6 = {
						CreatedOnToolsVersion = 14.2;
					};
					71600F11298DFD0F00CC83C6 = {
						CreatedOnToolsVersion = 14.2;
						TestTargetID = 71600EFF298DFD0D00CC83C6;
					};
					71600F1B298DFD0F00CC83C6 = {
						CreatedOnToolsVersion = 14.2;
						TestTargetID = 71600EFF298DFD0D00CC83C6;
					};
				};
			};
			buildConfigurationList = 71600EFB298DFD0D00CC83C6 /* Build configuration list for PBXProject "ModelPickerApp" */;
			compatibilityVersion = "Xcode 14.0";
			developmentRegion = en;
			hasScannedForEncodings = 0;
			knownRegions = (
				en,
				Base,
			);
			mainGroup = 71600EF7298DFD0D00CC83C6;
			packageReferences = (
				712D8FBA29A22C9A0032260F /* XCRemoteSwiftPackageReference "FocusEntity" */,
			);
			productRefGroup = 71600F01298DFD0D00CC83C6 /* Products */;
			projectDirPath = "";
			projectRoot = "";
			targets = (
				71600EFF298DFD0D00CC83C6 /* ModelPickerApp */,
				71600F11298DFD0F00CC83C6 /* ModelPickerAppTests */,
				71600F1B298DFD0F00CC83C6 /* ModelPickerAppUITests */,
			);
		};
/* End PBXProject section */

/* Begin PBXResourcesBuildPhase section */
		71600EFE298DFD0D00CC83C6 /* Resources */ = {
			isa = PBXResourcesBuildPhase;
			buildActionMask = 2147483647;
			files = (
				71600F0D298DFD0F00CC83C6 /* Preview Assets.xcassets in Resources */,
				71600F0A298DFD0F00CC83C6 /* Assets.xcassets in Resources */,
				71600F35298E070600CC83C6 /* fender_stratocaster.usdz in Resources */,
				71600F34298E070600CC83C6 /* robot_walk_idle.usdz in Resources */,
				71600F37298E070600CC83C6 /* toy_biplane_idle.usdz in Resources */,
				71600F36298E070600CC83C6 /* teapot.usdz in Resources */,
			);
			runOnlyForDeploymentPostprocessing = 0;
		};
		71600F10298DFD0F00CC83C6 /* Resources */ = {
			isa = PBXResourcesBuildPhase;
			buildActionMask = 2147483647;
			files = (
			);
			runOnlyForDeploymentPostprocessing = 0;
		};
		71600F1A298DFD0F00CC83C6 /* Resources */ = {
			isa = PBXResourcesBuildPhase;
			buildActionMask = 2147483647;
			files = (
			);
			runOnlyForDeploymentPostprocessing = 0;
		};
/* End PBXResourcesBuildPhase section */

/* Begin PBXSourcesBuildPhase section */
		71600EFC298DFD0D00CC83C6 /* Sources */ = {
			isa = PBXSourcesBuildPhase;
			buildActionMask = 2147483647;
			files = (
				712D8F6F2999D3AD0032260F /* Model.swift in Sources */,
				71600F06298DFD0D00CC83C6 /* ContentView.swift in Sources */,
				71600F04298DFD0D00CC83C6 /* AppDelegate.swift in Sources */,
			);
			runOnlyForDeploymentPostprocessing = 0;
		};
		71600F0E298DFD0F00CC83C6 /* Sources */ = {
			isa = PBXSourcesBuildPhase;
			buildActionMask = 2147483647;
			files = (
				71600F17298DFD0F00CC83C6 /* ModelPickerAppTests.swift in Sources */,
			);
			runOnlyForDeploymentPostprocessing = 0;
		};
		71600F18298DFD0F00CC83C6 /* Sources */ = {
			isa = PBXSourcesBuildPhase;
			buildActionMask = 2147483647;
			files = (
				71600F23298DFD0F00CC83C6 /* ModelPickerAppUITestsLaunchTests.swift in Sources */,
				71600F21298DFD0F00CC83C6 /* ModelPickerAppUITests.swift in Sources */,
			);
			runOnlyForDeploymentPostprocessing = 0;
		};
/* End PBXSourcesBuildPhase section */

/* Begin PBXTargetDependency section */
		71600F14298DFD0F00CC83C6 /* PBXTargetDependency */ = {
			isa = PBXTargetDependency;
			target = 71600EFF298DFD0D00CC83C6 /* ModelPickerApp */;
			targetProxy = 71600F13298DFD0F00CC83C6 /* PBXContainerItemProxy */;
		};
		71600F1E298DFD0F00CC83C6 /* PBXTargetDependency */ = {
			isa = PBXTargetDependency;
			target = 71600EFF298DFD0D00CC83C6 /* ModelPickerApp */;
			targetProxy = 71600F1D298DFD0F00CC83C6 /* PBXContainerItemProxy */;
		};
/* End PBXTargetDependency section */

/* Begin XCBuildConfiguration section */
		71600F24298DFD0F00CC83C6 /* Debug */ = {
			isa = XCBuildConfiguration;
			buildSettings = {
				ALWAYS_SEARCH_USER_PATHS = NO;
				CLANG_ANALYZER_NONNULL = YES;
				CLANG_ANALYZER_NUMBER_OBJECT_CONVERSION = YES_AGGRESSIVE;
				CLANG_CXX_LANGUAGE_STANDARD = "gnu++20";
				CLANG_ENABLE_MODULES = YES;
				CLANG_ENABLE_OBJC_ARC = YES;
				CLANG_ENABLE_OBJC_WEAK = YES;
				CLANG_WARN_BLOCK_CAPTURE_AUTORELEASING = YES;
				CLANG_WARN_BOOL_CONVERSION = YES;
				CLANG_WARN_COMMA = YES;
				CLANG_WARN_CONSTANT_CONVERSION = YES;
				CLANG_WARN_DEPRECATED_OBJC_IMPLEMENTATIONS = YES;
				CLANG_WARN_DIRECT_OBJC_ISA_USAGE = YES_ERROR;
				CLANG_WARN_DOCUMENTATION_COMMENTS = YES;
				CLANG_WARN_EMPTY_BODY = YES;
				CLANG_WARN_ENUM_CONVERSION = YES;
				CLANG_WARN_INFINITE_RECURSION = YES;
				CLANG_WARN_INT_CONVERSION = YES;
				CLANG_WARN_NON_LITERAL_NULL_CONVERSION = YES;
				CLANG_WARN_OBJC_IMPLICIT_RETAIN_SELF = YES;
				CLANG_WARN_OBJC_LITERAL_CONVERSION = YES;
				CLANG_WARN_OBJC_ROOT_CLASS = YES_ERROR;
				CLANG_WARN_QUOTED_INCLUDE_IN_FRAMEWORK_HEADER = YES;
				CLANG_WARN_RANGE_LOOP_ANALYSIS = YES;
				CLANG_WARN_STRICT_PROTOTYPES = YES;
				CLANG_WARN_SUSPICIOUS_MOVE = YES;
				CLANG_WARN_UNGUARDED_AVAILABILITY = YES_AGGRESSIVE;
				CLANG_WARN_UNREACHABLE_CODE = YES;
				CLANG_WARN__DUPLICATE_METHOD_MATCH = YES;
				COPY_PHASE_STRIP = NO;
				DEBUG_INFORMATION_FORMAT = dwarf;
				ENABLE_STRICT_OBJC_MSGSEND = YES;
				ENABLE_TESTABILITY = YES;
				GCC_C_LANGUAGE_STANDARD = gnu11;
				GCC_DYNAMIC_NO_PIC = NO;
				GCC_NO_COMMON_BLOCKS = YES;
				GCC_OPTIMIZATION_LEVEL = 0;
				GCC_PREPROCESSOR_DEFINITIONS = (
					"DEBUG=1",
					"$(inherited)",
				);
				GCC_WARN_64_TO_32_BIT_CONVERSION = YES;
				GCC_WARN_ABOUT_RETURN_TYPE = YES_ERROR;
				GCC_WARN_UNDECLARED_SELECTOR = YES;
				GCC_WARN_UNINITIALIZED_AUTOS = YES_AGGRESSIVE;
				GCC_WARN_UNUSED_FUNCTION = YES;
				GCC_WARN_UNUSED_VARIABLE = YES;
				IPHONEOS_DEPLOYMENT_TARGET = 16.2;
				MTL_ENABLE_DEBUG_INFO = INCLUDE_SOURCE;
				MTL_FAST_MATH = YES;
				ONLY_ACTIVE_ARCH = YES;
				SDKROOT = iphoneos;
				SWIFT_ACTIVE_COMPILATION_CONDITIONS = DEBUG;
				SWIFT_OPTIMIZATION_LEVEL = "-Onone";
			};
			name = Debug;
		};
		71600F25298DFD0F00CC83C6 /* Release */ = {
			isa = XCBuildConfiguration;
			buildSettings = {
				ALWAYS_SEARCH_USER_PATHS = NO;
				CLANG_ANALYZER_NONNULL = YES;
				CLANG_ANALYZER_NUMBER_OBJECT_CONVERSION = YES_AGGRESSIVE;
				CLANG_CXX_LANGUAGE_STANDARD = "gnu++20";
				CLANG_ENABLE_MODULES = YES;
				CLANG_ENABLE_OBJC_ARC = YES;
				CLANG_ENABLE_OBJC_WEAK = YES;
				CLANG_WARN_BLOCK_CAPTURE_AUTORELEASING = YES;
				CLANG_WARN_BOOL_CONVERSION = YES;
				CLANG_WARN_COMMA = YES;
				CLANG_WARN_CONSTANT_CONVERSION = YES;
				CLANG_WARN_DEPRECATED_OBJC_IMPLEMENTATIONS = YES;
				CLANG_WARN_DIRECT_OBJC_ISA_USAGE = YES_ERROR;
				CLANG_WARN_DOCUMENTATION_COMMENTS = YES;
				CLANG_WARN_EMPTY_BODY = YES;
				CLANG_WARN_ENUM_CONVERSION = YES;
				CLANG_WARN_INFINITE_RECURSION = YES;
				CLANG_WARN_INT_CONVERSION = YES;
				CLANG_WARN_NON_LITERAL_NULL_CONVERSION = YES;
				CLANG_WARN_OBJC_IMPLICIT_RETAIN_SELF = YES;
				CLANG_WARN_OBJC_LITERAL_CONVERSION = YES;
				CLANG_WARN_OBJC_ROOT_CLASS = YES_ERROR;
				CLANG_WARN_QUOTED_INCLUDE_IN_FRAMEWORK_HEADER = YES;
				CLANG_WARN_RANGE_LOOP_ANALYSIS = YES;
				CLANG_WARN_STRICT_PROTOTYPES = YES;
				CLANG_WARN_SUSPICIOUS_MOVE = YES;
				CLANG_WARN_UNGUARDED_AVAILABILITY = YES_AGGRESSIVE;
				CLANG_WARN_UNREACHABLE_CODE = YES;
				CLANG_WARN__DUPLICATE_METHOD_MATCH = YES;
				COPY_PHASE_STRIP = NO;
				DEBUG_INFORMATION_FORMAT = "dwarf-with-dsym";
				ENABLE_NS_ASSERTIONS = NO;
				ENABLE_STRICT_OBJC_MSGSEND = YES;
				GCC_C_LANGUAGE_STANDARD = gnu11;
				GCC_NO_COMMON_BLOCKS = YES;
				GCC_WARN_64_TO_32_BIT_CONVERSION = YES;
				GCC_WARN_ABOUT_RETURN_TYPE = YES_ERROR;
				GCC_WARN_UNDECLARED_SELECTOR = YES;
				GCC_WARN_UNINITIALIZED_AUTOS = YES_AGGRESSIVE;
				GCC_WARN_UNUSED_FUNCTION = YES;
				GCC_WARN_UNUSED_VARIABLE = YES;
				IPHONEOS_DEPLOYMENT_TARGET = 16.2;
				MTL_ENABLE_DEBUG_INFO = NO;
				MTL_FAST_MATH = YES;
				SDKROOT = iphoneos;
				SWIFT_COMPILATION_MODE = wholemodule;
				SWIFT_OPTIMIZATION_LEVEL = "-O";
				VALIDATE_PRODUCT = YES;
			};
			name = Release;
		};
		71600F27298DFD0F00CC83C6 /* Debug */ = {
			isa = XCBuildConfiguration;
			buildSettings = {
				ASSETCATALOG_COMPILER_APPICON_NAME = AppIcon;
				ASSETCATALOG_COMPILER_GLOBAL_ACCENT_COLOR_NAME = AccentColor;
				CODE_SIGN_STYLE = Automatic;
				CURRENT_PROJECT_VERSION = 1;
				DEVELOPMENT_ASSET_PATHS = "\"ModelPickerApp/Preview Content\"";
				DEVELOPMENT_TEAM = D67594ZFGH;
				ENABLE_PREVIEWS = YES;
				GENERATE_INFOPLIST_FILE = YES;
				INFOPLIST_KEY_NSCameraUsageDescription = "";
				INFOPLIST_KEY_UIApplicationSupportsIndirectInputEvents = YES;
				INFOPLIST_KEY_UILaunchScreen_Generation = YES;
				INFOPLIST_KEY_UIRequiredDeviceCapabilities = arkit;
				INFOPLIST_KEY_UIStatusBarHidden = YES;
				INFOPLIST_KEY_UISupportedInterfaceOrientations_iPad = "UIInterfaceOrientationPortrait UIInterfaceOrientationPortraitUpsideDown UIInterfaceOrientationLandscapeLeft UIInterfaceOrientationLandscapeRight";
				INFOPLIST_KEY_UISupportedInterfaceOrientations_iPhone = "UIInterfaceOrientationPortrait UIInterfaceOrientationLandscapeLeft UIInterfaceOrientationLandscapeRight";
				LD_RUNPATH_SEARCH_PATHS = (
					"$(inherited)",
					"@executable_path/Frameworks",
				);
				MARKETING_VERSION = 1.0;
				PRODUCT_BUNDLE_IDENTIFIER = com.YukiKisaku.ModelPickerApp;
				PRODUCT_NAME = "$(TARGET_NAME)";
				SWIFT_EMIT_LOC_STRINGS = YES;
				SWIFT_VERSION = 5.0;
				TARGETED_DEVICE_FAMILY = "1,2";
			};
			name = Debug;
		};
		71600F28298DFD0F00CC83C6 /* Release */ = {
			isa = XCBuildConfiguration;
			buildSettings = {
				ASSETCATALOG_COMPILER_APPICON_NAME = AppIcon;
				ASSETCATALOG_COMPILER_GLOBAL_ACCENT_COLOR_NAME = AccentColor;
				CODE_SIGN_STYLE = Automatic;
				CURRENT_PROJECT_VERSION = 1;
				DEVELOPMENT_ASSET_PATHS = "\"ModelPickerApp/Preview Content\"";
				DEVELOPMENT_TEAM = D67594ZFGH;
				ENABLE_PREVIEWS = YES;
				GENERATE_INFOPLIST_FILE = YES;
				INFOPLIST_KEY_NSCameraUsageDescription = "";
				INFOPLIST_KEY_UIApplicationSupportsIndirectInputEvents = YES;
				INFOPLIST_KEY_UILaunchScreen_Generation = YES;
				INFOPLIST_KEY_UIRequiredDeviceCapabilities = arkit;
				INFOPLIST_KEY_UIStatusBarHidden = YES;
				INFOPLIST_KEY_UISupportedInterfaceOrientations_iPad = "UIInterfaceOrientationPortrait UIInterfaceOrientationPortraitUpsideDown UIInterfaceOrientationLandscapeLeft UIInterfaceOrientationLandscapeRight";
				INFOPLIST_KEY_UISupportedInterfaceOrientations_iPhone = "UIInterfaceOrientationPortrait UIInterfaceOrientationLandscapeLeft UIInterfaceOrientationLandscapeRight";
				LD_RUNPATH_SEARCH_PATHS = (
					"$(inherited)",
					"@executable_path/Frameworks",
				);
				MARKETING_VERSION = 1.0;
				PRODUCT_BUNDLE_IDENTIFIER = com.YukiKisaku.ModelPickerApp;
				PRODUCT_NAME = "$(TARGET_NAME)";
				SWIFT_EMIT_LOC_STRINGS = YES;
				SWIFT_VERSION = 5.0;
				TARGETED_DEVICE_FAMILY = "1,2";
			};
			name = Release;
		};
		71600F2A298DFD0F00CC83C6 /* Debug */ = {
			isa = XCBuildConfiguration;
			buildSettings = {
				ALWAYS_EMBED_SWIFT_STANDARD_LIBRARIES = YES;
				BUNDLE_LOADER = "$(TEST_HOST)";
				CODE_SIGN_STYLE = Automatic;
				CURRENT_PROJECT_VERSION = 1;
				DEVELOPMENT_TEAM = D67594ZFGH;
				GENERATE_INFOPLIST_FILE = YES;
				IPHONEOS_DEPLOYMENT_TARGET = 16.2;
				MARKETING_VERSION = 1.0;
				PRODUCT_BUNDLE_IDENTIFIER = com.YukiKisaku.ModelPickerAppTests;
				PRODUCT_NAME = "$(TARGET_NAME)";
				SWIFT_EMIT_LOC_STRINGS = NO;
				SWIFT_VERSION = 5.0;
				TARGETED_DEVICE_FAMILY = "1,2";
				TEST_HOST = "$(BUILT_PRODUCTS_DIR)/ModelPickerApp.app/$(BUNDLE_EXECUTABLE_FOLDER_PATH)/ModelPickerApp";
			};
			name = Debug;
		};
		71600F2B298DFD0F00CC83C6 /* Release */ = {
			isa = XCBuildConfiguration;
			buildSettings = {
				ALWAYS_EMBED_SWIFT_STANDARD_LIBRARIES = YES;
				BUNDLE_LOADER = "$(TEST_HOST)";
				CODE_SIGN_STYLE = Automatic;
				CURRENT_PROJECT_VERSION = 1;
				DEVELOPMENT_TEAM = D67594ZFGH;
				GENERATE_INFOPLIST_FILE = YES;
				IPHONEOS_DEPLOYMENT_TARGET = 16.2;
				MARKETING_VERSION = 1.0;
				PRODUCT_BUNDLE_IDENTIFIER = com.YukiKisaku.ModelPickerAppTests;
				PRODUCT_NAME = "$(TARGET_NAME)";
				SWIFT_EMIT_LOC_STRINGS = NO;
				SWIFT_VERSION = 5.0;
				TARGETED_DEVICE_FAMILY = "1,2";
				TEST_HOST = "$(BUILT_PRODUCTS_DIR)/ModelPickerApp.app/$(BUNDLE_EXECUTABLE_FOLDER_PATH)/ModelPickerApp";
			};
			name = Release;
		};
		71600F2D298DFD0F00CC83C6 /* Debug */ = {
			isa = XCBuildConfiguration;
			buildSettings = {
				ALWAYS_EMBED_SWIFT_STANDARD_LIBRARIES = YES;
				CODE_SIGN_STYLE = Automatic;
				CURRENT_PROJECT_VERSION = 1;
				DEVELOPMENT_TEAM = D67594ZFGH;
				GENERATE_INFOPLIST_FILE = YES;
				MARKETING_VERSION = 1.0;
				PRODUCT_BUNDLE_IDENTIFIER = com.YukiKisaku.ModelPickerAppUITests;
				PRODUCT_NAME = "$(TARGET_NAME)";
				SWIFT_EMIT_LOC_STRINGS = NO;
				SWIFT_VERSION = 5.0;
				TARGETED_DEVICE_FAMILY = "1,2";
				TEST_TARGET_NAME = ModelPickerApp;
			};
			name = Debug;
		};
		71600F2E298DFD0F00CC83C6 /* Release */ = {
			isa = XCBuildConfiguration;
			buildSettings = {
				ALWAYS_EMBED_SWIFT_STANDARD_LIBRARIES = YES;
				CODE_SIGN_STYLE = Automatic;
				CURRENT_PROJECT_VERSION = 1;
				DEVELOPMENT_TEAM = D67594ZFGH;
				GENERATE_INFOPLIST_FILE = YES;
				MARKETING_VERSION = 1.0;
				PRODUCT_BUNDLE_IDENTIFIER = com.YukiKisaku.ModelPickerAppUITests;
				PRODUCT_NAME = "$(TARGET_NAME)";
				SWIFT_EMIT_LOC_STRINGS = NO;
				SWIFT_VERSION = 5.0;
				TARGETED_DEVICE_FAMILY = "1,2";
				TEST_TARGET_NAME = ModelPickerApp;
			};
			name = Release;
		};
/* End XCBuildConfiguration section */

/* Begin XCConfigurationList section */
		71600EFB298DFD0D00CC83C6 /* Build configuration list for PBXProject "ModelPickerApp" */ = {
			isa = XCConfigurationList;
			buildConfigurations = (
				71600F24298DFD0F00CC83C6 /* Debug */,
				71600F25298DFD0F00CC83C6 /* Release */,
			);
			defaultConfigurationIsVisible = 0;
			defaultConfigurationName = Release;
		};
		71600F26298DFD0F00CC83C6 /* Build configuration list for PBXNativeTarget "ModelPickerApp" */ = {
			isa = XCConfigurationList;
			buildConfigurations = (
				71600F27298DFD0F00CC83C6 /* Debug */,
				71600F28298DFD0F00CC83C6 /* Release */,
			);
			defaultConfigurationIsVisible = 0;
			defaultConfigurationName = Release;
		};
		71600F29298DFD0F00CC83C6 /* Build configuration list for PBXNativeTarget "ModelPickerAppTests" */ = {
			isa = XCConfigurationList;
			buildConfigurations = (
				71600F2A298DFD0F00CC83C6 /* Debug */,
				71600F2B298DFD0F00CC83C6 /* Release */,
			);
			defaultConfigurationIsVisible = 0;
			defaultConfigurationName = Release;
		};
		71600F2C298DFD0F00CC83C6 /* Build configuration list for PBXNativeTarget "ModelPickerAppUITests" */ = {
			isa = XCConfigurationList;
			buildConfigurations = (
				71600F2D298DFD0F00CC83C6 /* Debug */,
				71600F2E298DFD0F00CC83C6 /* Release */,
			);
			defaultConfigurationIsVisible = 0;
			defaultConfigurationName = Release;
		};
/* End XCConfigurationList section */

/* Begin XCRemoteSwiftPackageReference section */
		712D8FBA29A22C9A0032260F /* XCRemoteSwiftPackageReference "FocusEntity" */ = {
			isa = XCRemoteSwiftPackageReference;
			repositoryURL = "https://github.com/maxxfrazer/FocusEntity";
			requirement = {
				kind = upToNextMajorVersion;
				minimumVersion = 2.0.0;
			};
		};
/* End XCRemoteSwiftPackageReference section */

/* Begin XCSwiftPackageProductDependency section */
		712D8FBB29A22C9A0032260F /* FocusEntity */ = {
			isa = XCSwiftPackageProductDependency;
			package = 712D8FBA29A22C9A0032260F /* XCRemoteSwiftPackageReference "FocusEntity" */;
			productName = FocusEntity;
		};
/* End XCSwiftPackageProductDependency section */
	};
	rootObject = 71600EF8298DFD0D00CC83C6 /* Project object */;
}
